
Microsoft Visual Studio Solution File, Format Version 12.00
# Visual Studio Version 17
VisualStudioVersion = 17.4.33205.214
MinimumVisualStudioVersion = 10.0.40219.1
Project("{FAE04EC0-301F-11D3-BF4B-00C04F79EFBC}") = "Session-05", "Session-05\Session-05.csproj", "{99686553-BB49-4452-8E2B-3EA30EF72CDE}"
EndProject
Global
	GlobalSection(SolutionConfigurationPlatforms) = preSolution
		Debug|Any CPU = Debug|Any CPU
		Release|Any CPU = Release|Any CPU
	EndGlobalSection
	GlobalSection(ProjectConfigurationPlatforms) = postSolution
		{99686553-BB49-4452-8E2B-3EA30EF72CDE}.Debug|Any CPU.ActiveCfg = Debug|Any CPU
		{99686553-BB49-4452-8E2B-3EA30EF72CDE}.Debug|Any CPU.Build.0 = Debug|Any CPU
		{99686553-BB49-4452-8E2B-3EA30EF72CDE}.Release|Any CPU.ActiveCfg = Release|Any CPU
		{99686553-BB49-4452-8E2B-3EA30EF72CDE}.Release|Any CPU.Build.0 = Release|Any CPU
	EndGlobalSection
	GlobalSection(SolutionProperties) = preSolution
		HideSolutionNode = FALSE
	EndGlobalSection
	GlobalSection(ExtensibilityGlobals) = postSolution
		SolutionGuid = {62324FC1-DA3B-443D-992B-223C12CB30BC}
	EndGlobalSection
EndGlobal
