
Microsoft Visual Studio Solution File, Format Version 12.00
# Visual Studio Version 17
VisualStudioVersion = 17.4.33205.214
MinimumVisualStudioVersion = 10.0.40219.1
Project("{FAE04EC0-301F-11D3-BF4B-00C04F79EFBC}") = "Session-09", "Session-09\Session-09.csproj", "{599AD80D-7ACE-43A0-94A3-930494B1CD3E}"
EndProject
Project("{FAE04EC0-301F-11D3-BF4B-00C04F79EFBC}") = "CalculationsLib", "CalculationsLib\CalculationsLib.csproj", "{4DE96055-08C4-473A-B9A6-0C24E269B4F6}"
EndProject
Global
	GlobalSection(SolutionConfigurationPlatforms) = preSolution
		Debug|Any CPU = Debug|Any CPU
		Release|Any CPU = Release|Any CPU
	EndGlobalSection
	GlobalSection(ProjectConfigurationPlatforms) = postSolution
		{599AD80D-7ACE-43A0-94A3-930494B1CD3E}.Debug|Any CPU.ActiveCfg = Debug|Any CPU
		{599AD80D-7ACE-43A0-94A3-930494B1CD3E}.Debug|Any CPU.Build.0 = Debug|Any CPU
		{599AD80D-7ACE-43A0-94A3-930494B1CD3E}.Release|Any CPU.ActiveCfg = Release|Any CPU
		{599AD80D-7ACE-43A0-94A3-930494B1CD3E}.Release|Any CPU.Build.0 = Release|Any CPU
		{4DE96055-08C4-473A-B9A6-0C24E269B4F6}.Debug|Any CPU.ActiveCfg = Debug|Any CPU
		{4DE96055-08C4-473A-B9A6-0C24E269B4F6}.Debug|Any CPU.Build.0 = Debug|Any CPU
		{4DE96055-08C4-473A-B9A6-0C24E269B4F6}.Release|Any CPU.ActiveCfg = Release|Any CPU
		{4DE96055-08C4-473A-B9A6-0C24E269B4F6}.Release|Any CPU.Build.0 = Release|Any CPU
	EndGlobalSection
	GlobalSection(SolutionProperties) = preSolution
		HideSolutionNode = FALSE
	EndGlobalSection
	GlobalSection(ExtensibilityGlobals) = postSolution
		SolutionGuid = {163899A7-A6DA-4AC1-A16C-A86D2937B3A6}
	EndGlobalSection
EndGlobal
